
Microsoft Visual Studio Solution File, Format Version 12.00
# Visual Studio Version 17
VisualStudioVersion = 17.7.34031.279
MinimumVisualStudioVersion = 10.0.40219.1
Project("{FAE04EC0-301F-11D3-BF4B-00C04F79EFBC}") = "NthCharacter", "NthCharacter.csproj", "{D5118F36-873D-4743-A7C2-E57F951B4367}"
EndProject
Global
	GlobalSection(SolutionConfigurationPlatforms) = preSolution
		Debug|Any CPU = Debug|Any CPU
		Release|Any CPU = Release|Any CPU
	EndGlobalSection
	GlobalSection(ProjectConfigurationPlatforms) = postSolution
		{D5118F36-873D-4743-A7C2-E57F951B4367}.Debug|Any CPU.ActiveCfg = Debug|Any CPU
		{D5118F36-873D-4743-A7C2-E57F951B4367}.Debug|Any CPU.Build.0 = Debug|Any CPU
		{D5118F36-873D-4743-A7C2-E57F951B4367}.Release|Any CPU.ActiveCfg = Release|Any CPU
		{D5118F36-873D-4743-A7C2-E57F951B4367}.Release|Any CPU.Build.0 = Release|Any CPU
	EndGlobalSection
	GlobalSection(SolutionProperties) = preSolution
		HideSolutionNode = FALSE
	EndGlobalSection
	GlobalSection(ExtensibilityGlobals) = postSolution
		SolutionGuid = {87034F9A-6300-4B96-98B0-F4D685FF1DCA}
	EndGlobalSection
EndGlobal
